
Microsoft Visual Studio Solution File, Format Version 12.00
# Visual Studio Version 17
VisualStudioVersion = 17.2.32519.379
MinimumVisualStudioVersion = 10.0.40219.1
Project("{FAE04EC0-301F-11D3-BF4B-00C04F79EFBC}") = "ViewOnAdornerLayer", "ViewOnAdornerLayer\ViewOnAdornerLayer.csproj", "{4BBC324E-7242-435C-9106-8D5CA7192B17}"
EndProject
Global
	GlobalSection(SolutionConfigurationPlatforms) = preSolution
		Debug|Any CPU = Debug|Any CPU
		Release|Any CPU = Release|Any CPU
	EndGlobalSection
	GlobalSection(ProjectConfigurationPlatforms) = postSolution
		{4BBC324E-7242-435C-9106-8D5CA7192B17}.Debug|Any CPU.ActiveCfg = Debug|Any CPU
		{4BBC324E-7242-435C-9106-8D5CA7192B17}.Debug|Any CPU.Build.0 = Debug|Any CPU
		{4BBC324E-7242-435C-9106-8D5CA7192B17}.Release|Any CPU.ActiveCfg = Release|Any CPU
		{4BBC324E-7242-435C-9106-8D5CA7192B17}.Release|Any CPU.Build.0 = Release|Any CPU
	EndGlobalSection
	GlobalSection(SolutionProperties) = preSolution
		HideSolutionNode = FALSE
	EndGlobalSection
	GlobalSection(ExtensibilityGlobals) = postSolution
		SolutionGuid = {4C2C590D-EC3B-4A35-8883-63A04D930700}
	EndGlobalSection
EndGlobal
